
Microsoft Visual Studio Solution File, Format Version 12.00
# Visual Studio Version 17
VisualStudioVersion = 17.0.32126.317
MinimumVisualStudioVersion = 10.0.40219.1
Project("{9A19103F-16F7-4668-BE54-9A1E7A4F7556}") = "Car_Shop", "Car_Shop.csproj", "{757E1129-8CB8-4FB7-9358-3FD331CAB7E1}"
EndProject
Project("{9A19103F-16F7-4668-BE54-9A1E7A4F7556}") = "Car_Shop.Domain", "..\Car_Shop.Domain\Car_Shop.Domain.csproj", "{0A9154E1-C64D-4D25-AABB-D260A1CD8E32}"
EndProject
Project("{2150E333-8FDC-42A3-9474-1A3956D46DE8}") = "Domain", "Domain", "{74C52560-390A-48D2-B4F5-28CD585976B3}"
EndProject
Global
	GlobalSection(SolutionConfigurationPlatforms) = preSolution
		Debug|Any CPU = Debug|Any CPU
		Release|Any CPU = Release|Any CPU
	EndGlobalSection
	GlobalSection(ProjectConfigurationPlatforms) = postSolution
		{757E1129-8CB8-4FB7-9358-3FD331CAB7E1}.Debug|Any CPU.ActiveCfg = Debug|Any CPU
		{757E1129-8CB8-4FB7-9358-3FD331CAB7E1}.Debug|Any CPU.Build.0 = Debug|Any CPU
		{757E1129-8CB8-4FB7-9358-3FD331CAB7E1}.Release|Any CPU.ActiveCfg = Release|Any CPU
		{757E1129-8CB8-4FB7-9358-3FD331CAB7E1}.Release|Any CPU.Build.0 = Release|Any CPU
		{0A9154E1-C64D-4D25-AABB-D260A1CD8E32}.Debug|Any CPU.ActiveCfg = Debug|Any CPU
		{0A9154E1-C64D-4D25-AABB-D260A1CD8E32}.Debug|Any CPU.Build.0 = Debug|Any CPU
		{0A9154E1-C64D-4D25-AABB-D260A1CD8E32}.Release|Any CPU.ActiveCfg = Release|Any CPU
		{0A9154E1-C64D-4D25-AABB-D260A1CD8E32}.Release|Any CPU.Build.0 = Release|Any CPU
	EndGlobalSection
	GlobalSection(SolutionProperties) = preSolution
		HideSolutionNode = FALSE
	EndGlobalSection
	GlobalSection(NestedProjects) = preSolution
		{0A9154E1-C64D-4D25-AABB-D260A1CD8E32} = {74C52560-390A-48D2-B4F5-28CD585976B3}
	EndGlobalSection
	GlobalSection(ExtensibilityGlobals) = postSolution
		SolutionGuid = {7AEEC431-4C1D-4A9A-B933-CCFE803883A6}
	EndGlobalSection
EndGlobal
